
Microsoft Visual Studio Solution File, Format Version 12.00
# Visual Studio Version 17
VisualStudioVersion = 17.9.34723.18
MinimumVisualStudioVersion = 10.0.40219.1
Project("{FAE04EC0-301F-11D3-BF4B-00C04F79EFBC}") = "task1", "hw29_thread\task1.csproj", "{993D7208-4D1E-4725-9079-D277D755D758}"
EndProject
Project("{FAE04EC0-301F-11D3-BF4B-00C04F79EFBC}") = "task2", "hw29_thread1\task2.csproj", "{9489A32A-387A-4829-9B79-CB65A80D22C8}"
EndProject
Project("{FAE04EC0-301F-11D3-BF4B-00C04F79EFBC}") = "task3", "hw29_thread2\task3.csproj", "{AF2A9602-64BD-405E-884F-CE527A33ADE6}"
EndProject
Global
	GlobalSection(SolutionConfigurationPlatforms) = preSolution
		Debug|Any CPU = Debug|Any CPU
		Release|Any CPU = Release|Any CPU
	EndGlobalSection
	GlobalSection(ProjectConfigurationPlatforms) = postSolution
		{993D7208-4D1E-4725-9079-D277D755D758}.Debug|Any CPU.ActiveCfg = Debug|Any CPU
		{993D7208-4D1E-4725-9079-D277D755D758}.Debug|Any CPU.Build.0 = Debug|Any CPU
		{993D7208-4D1E-4725-9079-D277D755D758}.Release|Any CPU.ActiveCfg = Release|Any CPU
		{993D7208-4D1E-4725-9079-D277D755D758}.Release|Any CPU.Build.0 = Release|Any CPU
		{9489A32A-387A-4829-9B79-CB65A80D22C8}.Debug|Any CPU.ActiveCfg = Debug|Any CPU
		{9489A32A-387A-4829-9B79-CB65A80D22C8}.Debug|Any CPU.Build.0 = Debug|Any CPU
		{9489A32A-387A-4829-9B79-CB65A80D22C8}.Release|Any CPU.ActiveCfg = Release|Any CPU
		{9489A32A-387A-4829-9B79-CB65A80D22C8}.Release|Any CPU.Build.0 = Release|Any CPU
		{AF2A9602-64BD-405E-884F-CE527A33ADE6}.Debug|Any CPU.ActiveCfg = Debug|Any CPU
		{AF2A9602-64BD-405E-884F-CE527A33ADE6}.Debug|Any CPU.Build.0 = Debug|Any CPU
		{AF2A9602-64BD-405E-884F-CE527A33ADE6}.Release|Any CPU.ActiveCfg = Release|Any CPU
		{AF2A9602-64BD-405E-884F-CE527A33ADE6}.Release|Any CPU.Build.0 = Release|Any CPU
	EndGlobalSection
	GlobalSection(SolutionProperties) = preSolution
		HideSolutionNode = FALSE
	EndGlobalSection
	GlobalSection(ExtensibilityGlobals) = postSolution
		SolutionGuid = {34E97E35-072D-4DAD-AD7E-40E0E97E3900}
	EndGlobalSection
EndGlobal
