
Microsoft Visual Studio Solution File, Format Version 12.00
# Visual Studio Version 17
VisualStudioVersion = 17.9.34723.18
MinimumVisualStudioVersion = 10.0.40219.1
Project("{FAE04EC0-301F-11D3-BF4B-00C04F79EFBC}") = "hw08", "hw08\hw08.csproj", "{7E6C6D4C-E7B4-43FD-AD92-A290D425B344}"
EndProject
Global
	GlobalSection(SolutionConfigurationPlatforms) = preSolution
		Debug|Any CPU = Debug|Any CPU
		Release|Any CPU = Release|Any CPU
	EndGlobalSection
	GlobalSection(ProjectConfigurationPlatforms) = postSolution
		{7E6C6D4C-E7B4-43FD-AD92-A290D425B344}.Debug|Any CPU.ActiveCfg = Debug|Any CPU
		{7E6C6D4C-E7B4-43FD-AD92-A290D425B344}.Debug|Any CPU.Build.0 = Debug|Any CPU
		{7E6C6D4C-E7B4-43FD-AD92-A290D425B344}.Release|Any CPU.ActiveCfg = Release|Any CPU
		{7E6C6D4C-E7B4-43FD-AD92-A290D425B344}.Release|Any CPU.Build.0 = Release|Any CPU
	EndGlobalSection
	GlobalSection(SolutionProperties) = preSolution
		HideSolutionNode = FALSE
	EndGlobalSection
	GlobalSection(ExtensibilityGlobals) = postSolution
		SolutionGuid = {C5C406AE-35ED-40AB-BF58-381F11F0E438}
	EndGlobalSection
EndGlobal
