
Microsoft Visual Studio Solution File, Format Version 12.00
# Visual Studio Version 17
VisualStudioVersion = 17.9.34723.18
MinimumVisualStudioVersion = 10.0.40219.1
Project("{FAE04EC0-301F-11D3-BF4B-00C04F79EFBC}") = "hw18_delegate", "hw18_delegate\hw18_delegate.csproj", "{C90C5709-3EAA-4EC4-A048-474751F05C4A}"
EndProject
Global
	GlobalSection(SolutionConfigurationPlatforms) = preSolution
		Debug|Any CPU = Debug|Any CPU
		Release|Any CPU = Release|Any CPU
	EndGlobalSection
	GlobalSection(ProjectConfigurationPlatforms) = postSolution
		{C90C5709-3EAA-4EC4-A048-474751F05C4A}.Debug|Any CPU.ActiveCfg = Debug|Any CPU
		{C90C5709-3EAA-4EC4-A048-474751F05C4A}.Debug|Any CPU.Build.0 = Debug|Any CPU
		{C90C5709-3EAA-4EC4-A048-474751F05C4A}.Release|Any CPU.ActiveCfg = Release|Any CPU
		{C90C5709-3EAA-4EC4-A048-474751F05C4A}.Release|Any CPU.Build.0 = Release|Any CPU
	EndGlobalSection
	GlobalSection(SolutionProperties) = preSolution
		HideSolutionNode = FALSE
	EndGlobalSection
	GlobalSection(ExtensibilityGlobals) = postSolution
		SolutionGuid = {4D44B53B-8FD0-41D9-9280-85199BBEE6C2}
	EndGlobalSection
EndGlobal
