
Microsoft Visual Studio Solution File, Format Version 12.00
# Visual Studio Version 17
VisualStudioVersion = 17.7.34221.43
MinimumVisualStudioVersion = 10.0.40219.1
Project("{FAE04EC0-301F-11D3-BF4B-00C04F79EFBC}") = "hw06", "hw06\hw06.csproj", "{FA25C3B3-4EE1-43D7-BC1B-48FEC5780852}"
EndProject
Global
	GlobalSection(SolutionConfigurationPlatforms) = preSolution
		Debug|Any CPU = Debug|Any CPU
		Release|Any CPU = Release|Any CPU
	EndGlobalSection
	GlobalSection(ProjectConfigurationPlatforms) = postSolution
		{FA25C3B3-4EE1-43D7-BC1B-48FEC5780852}.Debug|Any CPU.ActiveCfg = Debug|Any CPU
		{FA25C3B3-4EE1-43D7-BC1B-48FEC5780852}.Debug|Any CPU.Build.0 = Debug|Any CPU
		{FA25C3B3-4EE1-43D7-BC1B-48FEC5780852}.Release|Any CPU.ActiveCfg = Release|Any CPU
		{FA25C3B3-4EE1-43D7-BC1B-48FEC5780852}.Release|Any CPU.Build.0 = Release|Any CPU
	EndGlobalSection
	GlobalSection(SolutionProperties) = preSolution
		HideSolutionNode = FALSE
	EndGlobalSection
	GlobalSection(ExtensibilityGlobals) = postSolution
		SolutionGuid = {655EBA07-DC91-4AE4-9DC3-2136465EB6C7}
	EndGlobalSection
EndGlobal
