
Microsoft Visual Studio Solution File, Format Version 12.00
# Visual Studio Version 17
VisualStudioVersion = 17.7.34221.43
MinimumVisualStudioVersion = 10.0.40219.1
Project("{FAE04EC0-301F-11D3-BF4B-00C04F79EFBC}") = "hw12_inheritance", "hw12_inheritance\hw12_inheritance.csproj", "{F515635E-9FA6-472A-9C5E-A2FA16DB5381}"
EndProject
Global
	GlobalSection(SolutionConfigurationPlatforms) = preSolution
		Debug|Any CPU = Debug|Any CPU
		Release|Any CPU = Release|Any CPU
	EndGlobalSection
	GlobalSection(ProjectConfigurationPlatforms) = postSolution
		{F515635E-9FA6-472A-9C5E-A2FA16DB5381}.Debug|Any CPU.ActiveCfg = Debug|Any CPU
		{F515635E-9FA6-472A-9C5E-A2FA16DB5381}.Debug|Any CPU.Build.0 = Debug|Any CPU
		{F515635E-9FA6-472A-9C5E-A2FA16DB5381}.Release|Any CPU.ActiveCfg = Release|Any CPU
		{F515635E-9FA6-472A-9C5E-A2FA16DB5381}.Release|Any CPU.Build.0 = Release|Any CPU
	EndGlobalSection
	GlobalSection(SolutionProperties) = preSolution
		HideSolutionNode = FALSE
	EndGlobalSection
	GlobalSection(ExtensibilityGlobals) = postSolution
		SolutionGuid = {E5953817-C553-4FB9-A461-D2B22862F7A2}
	EndGlobalSection
EndGlobal
