
Microsoft Visual Studio Solution File, Format Version 12.00
# Visual Studio Version 17
VisualStudioVersion = 17.9.34723.18
MinimumVisualStudioVersion = 10.0.40219.1
Project("{FAE04EC0-301F-11D3-BF4B-00C04F79EFBC}") = "hw26_linq", "hw26_linq\hw26_linq.csproj", "{6AF754D6-0EA8-42FB-AFFB-7A4BB743AC7B}"
EndProject
Global
	GlobalSection(SolutionConfigurationPlatforms) = preSolution
		Debug|Any CPU = Debug|Any CPU
		Release|Any CPU = Release|Any CPU
	EndGlobalSection
	GlobalSection(ProjectConfigurationPlatforms) = postSolution
		{6AF754D6-0EA8-42FB-AFFB-7A4BB743AC7B}.Debug|Any CPU.ActiveCfg = Debug|Any CPU
		{6AF754D6-0EA8-42FB-AFFB-7A4BB743AC7B}.Debug|Any CPU.Build.0 = Debug|Any CPU
		{6AF754D6-0EA8-42FB-AFFB-7A4BB743AC7B}.Release|Any CPU.ActiveCfg = Release|Any CPU
		{6AF754D6-0EA8-42FB-AFFB-7A4BB743AC7B}.Release|Any CPU.Build.0 = Release|Any CPU
	EndGlobalSection
	GlobalSection(SolutionProperties) = preSolution
		HideSolutionNode = FALSE
	EndGlobalSection
	GlobalSection(ExtensibilityGlobals) = postSolution
		SolutionGuid = {981CB27B-0A85-4508-9C9E-70641D537FA5}
	EndGlobalSection
EndGlobal
