
Microsoft Visual Studio Solution File, Format Version 12.00
# Visual Studio Version 17
VisualStudioVersion = 17.9.34723.18
MinimumVisualStudioVersion = 10.0.40219.1
Project("{FAE04EC0-301F-11D3-BF4B-00C04F79EFBC}") = "hw36", "hw36\hw36.csproj", "{207811D6-7B2A-489A-893E-D846DD4D899A}"
EndProject
Global
	GlobalSection(SolutionConfigurationPlatforms) = preSolution
		Debug|Any CPU = Debug|Any CPU
		Release|Any CPU = Release|Any CPU
	EndGlobalSection
	GlobalSection(ProjectConfigurationPlatforms) = postSolution
		{207811D6-7B2A-489A-893E-D846DD4D899A}.Debug|Any CPU.ActiveCfg = Debug|Any CPU
		{207811D6-7B2A-489A-893E-D846DD4D899A}.Debug|Any CPU.Build.0 = Debug|Any CPU
		{207811D6-7B2A-489A-893E-D846DD4D899A}.Release|Any CPU.ActiveCfg = Release|Any CPU
		{207811D6-7B2A-489A-893E-D846DD4D899A}.Release|Any CPU.Build.0 = Release|Any CPU
	EndGlobalSection
	GlobalSection(SolutionProperties) = preSolution
		HideSolutionNode = FALSE
	EndGlobalSection
	GlobalSection(ExtensibilityGlobals) = postSolution
		SolutionGuid = {619E6D1B-4E2E-4A78-A786-098A0CA1F057}
	EndGlobalSection
EndGlobal
